
Microsoft Visual Studio Solution File, Format Version 12.00
# Visual Studio Version 17
VisualStudioVersion = 17.10.35027.167
MinimumVisualStudioVersion = 10.0.40219.1
Project("{2150E333-8FDC-42A3-9474-1A3956D46DE8}") = "Libraries", "Libraries", "{9B0F7162-94E5-4EFD-8CFB-94FF808BF270}"
EndProject
Project("{2150E333-8FDC-42A3-9474-1A3956D46DE8}") = "Applications", "Applications", "{744158F5-0851-46B7-852B-E2657752B717}"
EndProject
Project("{9A19103F-16F7-4668-BE54-9A1E7A4F7556}") = "SV21T1080027.Web", "SV21T1080027.Web\SV21T1080027.Web.csproj", "{8DF4089C-34C8-40EA-8A1F-F2D46C46CF6E}"
EndProject
Project("{9A19103F-16F7-4668-BE54-9A1E7A4F7556}") = "SV21T1080027.DataLayers", "SV21T1080027.DataLayers\SV21T1080027.DataLayers.csproj", "{E5662A48-4351-4BFB-AD9D-0B8448EEFCE0}"
EndProject
Project("{9A19103F-16F7-4668-BE54-9A1E7A4F7556}") = "SV21T1080027.BusinessLayers", "SV21T1080027.BusinessLayers\SV21T1080027.BusinessLayers.csproj", "{964BC0EC-BE0F-41E1-A020-A65BDD04B1B4}"
EndProject
Project("{9A19103F-16F7-4668-BE54-9A1E7A4F7556}") = "SV21T1080027.DomainModels", "SV21T1080027.DomainModels\SV21T1080027.DomainModels.csproj", "{2ED6DC20-D8A2-45AE-B4BE-F5EBB9912ACA}"
EndProject
Global
	GlobalSection(SolutionConfigurationPlatforms) = preSolution
		Debug|Any CPU = Debug|Any CPU
		Release|Any CPU = Release|Any CPU
	EndGlobalSection
	GlobalSection(ProjectConfigurationPlatforms) = postSolution
		{8DF4089C-34C8-40EA-8A1F-F2D46C46CF6E}.Debug|Any CPU.ActiveCfg = Debug|Any CPU
		{8DF4089C-34C8-40EA-8A1F-F2D46C46CF6E}.Debug|Any CPU.Build.0 = Debug|Any CPU
		{8DF4089C-34C8-40EA-8A1F-F2D46C46CF6E}.Release|Any CPU.ActiveCfg = Release|Any CPU
		{8DF4089C-34C8-40EA-8A1F-F2D46C46CF6E}.Release|Any CPU.Build.0 = Release|Any CPU
		{E5662A48-4351-4BFB-AD9D-0B8448EEFCE0}.Debug|Any CPU.ActiveCfg = Debug|Any CPU
		{E5662A48-4351-4BFB-AD9D-0B8448EEFCE0}.Debug|Any CPU.Build.0 = Debug|Any CPU
		{E5662A48-4351-4BFB-AD9D-0B8448EEFCE0}.Release|Any CPU.ActiveCfg = Release|Any CPU
		{E5662A48-4351-4BFB-AD9D-0B8448EEFCE0}.Release|Any CPU.Build.0 = Release|Any CPU
		{964BC0EC-BE0F-41E1-A020-A65BDD04B1B4}.Debug|Any CPU.ActiveCfg = Debug|Any CPU
		{964BC0EC-BE0F-41E1-A020-A65BDD04B1B4}.Debug|Any CPU.Build.0 = Debug|Any CPU
		{964BC0EC-BE0F-41E1-A020-A65BDD04B1B4}.Release|Any CPU.ActiveCfg = Release|Any CPU
		{964BC0EC-BE0F-41E1-A020-A65BDD04B1B4}.Release|Any CPU.Build.0 = Release|Any CPU
		{2ED6DC20-D8A2-45AE-B4BE-F5EBB9912ACA}.Debug|Any CPU.ActiveCfg = Debug|Any CPU
		{2ED6DC20-D8A2-45AE-B4BE-F5EBB9912ACA}.Debug|Any CPU.Build.0 = Debug|Any CPU
		{2ED6DC20-D8A2-45AE-B4BE-F5EBB9912ACA}.Release|Any CPU.ActiveCfg = Release|Any CPU
		{2ED6DC20-D8A2-45AE-B4BE-F5EBB9912ACA}.Release|Any CPU.Build.0 = Release|Any CPU
	EndGlobalSection
	GlobalSection(SolutionProperties) = preSolution
		HideSolutionNode = FALSE
	EndGlobalSection
	GlobalSection(NestedProjects) = preSolution
		{8DF4089C-34C8-40EA-8A1F-F2D46C46CF6E} = {744158F5-0851-46B7-852B-E2657752B717}
		{E5662A48-4351-4BFB-AD9D-0B8448EEFCE0} = {9B0F7162-94E5-4EFD-8CFB-94FF808BF270}
		{964BC0EC-BE0F-41E1-A020-A65BDD04B1B4} = {9B0F7162-94E5-4EFD-8CFB-94FF808BF270}
		{2ED6DC20-D8A2-45AE-B4BE-F5EBB9912ACA} = {9B0F7162-94E5-4EFD-8CFB-94FF808BF270}
	EndGlobalSection
	GlobalSection(ExtensibilityGlobals) = postSolution
		SolutionGuid = {B0481E1B-BDF6-4AE9-80C8-EEE7E100DEA2}
	EndGlobalSection
EndGlobal
